// !$*UTF8*$!
{
	archiveVersion = 1;
	classes = {
	};
	objectVersion = 55;
	objects = {

/* Begin PBXBuildFile section */
		588AAF5B292662C000A335E1 /* AppDelegate.m in Sources */ = {isa = PBXBuildFile; fileRef = 588AAF5A292662C000A335E1 /* AppDelegate.m */; };
		588AAF5E292662C000A335E1 /* SceneDelegate.m in Sources */ = {isa = PBXBuildFile; fileRef = 588AAF5D292662C000A335E1 /* SceneDelegate.m */; };
		588AAF61292662C000A335E1 /* ViewController.m in Sources */ = {isa = PBXBuildFile; fileRef = 588AAF60292662C000A335E1 /* ViewController.m */; };
		588AAF64292662C000A335E1 /* Main.storyboard in Resources */ = {isa = PBXBuildFile; fileRef = 588AAF62292662C000A335E1 /* Main.storyboard */; };
		588AAF66292662C200A335E1 /* Assets.xcassets in Resources */ = {isa = PBXBuildFile; fileRef = 588AAF65292662C200A335E1 /* Assets.xcassets */; };
		588AAF69292662C200A335E1 /* LaunchScreen.storyboard in Resources */ = {isa = PBXBuildFile; fileRef = 588AAF67292662C200A335E1 /* LaunchScreen.storyboard */; };
		588AAF6C292662C200A335E1 /* main.m in Sources */ = {isa = PBXBuildFile; fileRef = 588AAF6B292662C200A335E1 /* main.m */; };
		588AAF76292662C200A335E1 /* iOS____Tests.m in Sources */ = {isa = PBXBuildFile; fileRef = 588AAF75292662C200A335E1 /* iOS____Tests.m */; };
		588AAF80292662C200A335E1 /* iOS____UITests.m in Sources */ = {isa = PBXBuildFile; fileRef = 588AAF7F292662C200A335E1 /* iOS____UITests.m */; };
		588AAF82292662C200A335E1 /* iOS____UITestsLaunchTests.m in Sources */ = {isa = PBXBuildFile; fileRef = 588AAF81292662C200A335E1 /* iOS____UITestsLaunchTests.m */; };
/* End PBXBuildFile section */

/* Begin PBXContainerItemProxy section */
		588AAF72292662C200A335E1 /* PBXContainerItemProxy */ = {
			isa = PBXContainerItemProxy;
			containerPortal = 588AAF4E292662C000A335E1 /* Project object */;
			proxyType = 1;
			remoteGlobalIDString = 588AAF55292662C000A335E1;
			remoteInfo = "iOS手势测试";
		};
		588AAF7C292662C200A335E1 /* PBXContainerItemProxy */ = {
			isa = PBXContainerItemProxy;
			containerPortal = 588AAF4E292662C000A335E1 /* Project object */;
			proxyType = 1;
			remoteGlobalIDString = 588AAF55292662C000A335E1;
			remoteInfo = "iOS手势测试";
		};
/* End PBXContainerItemProxy section */

/* Begin PBXFileReference section */
		588AAF56292662C000A335E1 /* iOS手势测试.app */ = {isa = PBXFileReference; explicitFileType = wrapper.application; includeInIndex = 0; path = "iOS手势测试.app"; sourceTree = BUILT_PRODUCTS_DIR; };
		588AAF59292662C000A335E1 /* AppDelegate.h */ = {isa = PBXFileReference; lastKnownFileType = sourcecode.c.h; path = AppDelegate.h; sourceTree = "<group>"; };
		588AAF5A292662C000A335E1 /* AppDelegate.m */ = {isa = PBXFileReference; lastKnownFileType = sourcecode.c.objc; path = AppDelegate.m; sourceTree = "<group>"; };
		588AAF5C292662C000A335E1 /* SceneDelegate.h */ = {isa = PBXFileReference; lastKnownFileType = sourcecode.c.h; path = SceneDelegate.h; sourceTree = "<group>"; };
		588AAF5D292662C000A335E1 /* SceneDelegate.m */ = {isa = PBXFileReference; lastKnownFileType = sourcecode.c.objc; path = SceneDelegate.m; sourceTree = "<group>"; };
		588AAF5F292662C000A335E1 /* ViewController.h */ = {isa = PBXFileReference; lastKnownFileType = sourcecode.c.h; path = ViewController.h; sourceTree = "<group>"; };
		588AAF60292662C000A335E1 /* ViewController.m */ = {isa = PBXFileReference; lastKnownFileType = sourcecode.c.objc; path = ViewController.m; sourceTree = "<group>"; };
		588AAF63292662C000A335E1 /* Base */ = {isa = PBXFileReference; lastKnownFileType = file.storyboard; name = Base; path = Base.lproj/Main.storyboard; sourceTree = "<group>"; };
		588AAF65292662C200A335E1 /* Assets.xcassets */ = {isa = PBXFileReference; lastKnownFileType = folder.assetcatalog; path = Assets.xcassets; sourceTree = "<group>"; };
		588AAF68292662C200A335E1 /* Base */ = {isa = PBXFileReference; lastKnownFileType = file.storyboard; name = Base; path = Base.lproj/LaunchScreen.storyboard; sourceTree = "<group>"; };
		588AAF6A292662C200A335E1 /* Info.plist */ = {isa = PBXFileReference; lastKnownFileType = text.plist.xml; path = Info.plist; sourceTree = "<group>"; };
		588AAF6B292662C200A335E1 /* main.m */ = {isa = PBXFileReference; lastKnownFileType = sourcecode.c.objc; path = main.m; sourceTree = "<group>"; };
		588AAF71292662C200A335E1 /* iOS手势测试Tests.xctest */ = {isa = PBXFileReference; explicitFileType = wrapper.cfbundle; includeInIndex = 0; path = "iOS手势测试Tests.xctest"; sourceTree = BUILT_PRODUCTS_DIR; };
		588AAF75292662C200A335E1 /* iOS____Tests.m */ = {isa = PBXFileReference; lastKnownFileType = sourcecode.c.objc; path = "iOS____Tests.m"; sourceTree = "<group>"; };
		588AAF7B292662C200A335E1 /* iOS手势测试UITests.xctest */ = {isa = PBXFileReference; explicitFileType = wrapper.cfbundle; includeInIndex = 0; path = "iOS手势测试UITests.xctest"; sourceTree = BUILT_PRODUCTS_DIR; };
		588AAF7F292662C200A335E1 /* iOS____UITests.m */ = {isa = PBXFileReference; lastKnownFileType = sourcecode.c.objc; path = "iOS____UITests.m"; sourceTree = "<group>"; };
		588AAF81292662C200A335E1 /* iOS____UITestsLaunchTests.m */ = {isa = PBXFileReference; lastKnownFileType = sourcecode.c.objc; path = "iOS____UITestsLaunchTests.m"; sourceTree = "<group>"; };
/* End PBXFileReference section */

/* Begin PBXFrameworksBuildPhase section */
		588AAF53292662C000A335E1 /* Frameworks */ = {
			isa = PBXFrameworksBuildPhase;
			buildActionMask = 2147483647;
			files = (
			);
			runOnlyForDeploymentPostprocessing = 0;
		};
		588AAF6E292662C200A335E1 /* Frameworks */ = {
			isa = PBXFrameworksBuildPhase;
			buildActionMask = 2147483647;
			files = (
			);
			runOnlyForDeploymentPostprocessing = 0;
		};
		588AAF78292662C200A335E1 /* Frameworks */ = {
			isa = PBXFrameworksBuildPhase;
			buildActionMask = 2147483647;
			files = (
			);
			runOnlyForDeploymentPostprocessing = 0;
		};
/* End PBXFrameworksBuildPhase section */

/* Begin PBXGroup section */
		588AAF4D292662C000A335E1 = {
			isa = PBXGroup;
			children = (
				588AAF58292662C000A335E1 /* iOS手势测试 */,
				588AAF74292662C200A335E1 /* iOS手势测试Tests */,
				588AAF7E292662C200A335E1 /* iOS手势测试UITests */,
				588AAF57292662C000A335E1 /* Products */,
			);
			sourceTree = "<group>";
		};
		588AAF57292662C000A335E1 /* Products */ = {
			isa = PBXGroup;
			children = (
				588AAF56292662C000A335E1 /* iOS手势测试.app */,
				588AAF71292662C200A335E1 /* iOS手势测试Tests.xctest */,
				588AAF7B292662C200A335E1 /* iOS手势测试UITests.xctest */,
			);
			name = Products;
			sourceTree = "<group>";
		};
		588AAF58292662C000A335E1 /* iOS手势测试 */ = {
			isa = PBXGroup;
			children = (
				588AAF59292662C000A335E1 /* AppDelegate.h */,
				588AAF5A292662C000A335E1 /* AppDelegate.m */,
				588AAF5C292662C000A335E1 /* SceneDelegate.h */,
				588AAF5D292662C000A335E1 /* SceneDelegate.m */,
				588AAF5F292662C000A335E1 /* ViewController.h */,
				588AAF60292662C000A335E1 /* ViewController.m */,
				588AAF62292662C000A335E1 /* Main.storyboard */,
				588AAF65292662C200A335E1 /* Assets.xcassets */,
				588AAF67292662C200A335E1 /* LaunchScreen.storyboard */,
				588AAF6A292662C200A335E1 /* Info.plist */,
				588AAF6B292662C200A335E1 /* main.m */,
			);
			path = "iOS手势测试";
			sourceTree = "<group>";
		};
		588AAF74292662C200A335E1 /* iOS手势测试Tests */ = {
			isa = PBXGroup;
			children = (
				588AAF75292662C200A335E1 /* iOS____Tests.m */,
			);
			path = "iOS手势测试Tests";
			sourceTree = "<group>";
		};
		588AAF7E292662C200A335E1 /* iOS手势测试UITests */ = {
			isa = PBXGroup;
			children = (
				588AAF7F292662C200A335E1 /* iOS____UITests.m */,
				588AAF81292662C200A335E1 /* iOS____UITestsLaunchTests.m */,
			);
			path = "iOS手势测试UITests";
			sourceTree = "<group>";
		};
/* End PBXGroup section */

/* Begin PBXNativeTarget section */
		588AAF55292662C000A335E1 /* iOS手势测试 */ = {
			isa = PBXNativeTarget;
			buildConfigurationList = 588AAF85292662C200A335E1 /* Build configuration list for PBXNativeTarget "iOS手势测试" */;
			buildPhases = (
				588AAF52292662C000A335E1 /* Sources */,
				588AAF53292662C000A335E1 /* Frameworks */,
				588AAF54292662C000A335E1 /* Resources */,
			);
			buildRules = (
			);
			dependencies = (
			);
			name = "iOS手势测试";
			productName = "iOS手势测试";
			productReference = 588AAF56292662C000A335E1 /* iOS手势测试.app */;
			productType = "com.apple.product-type.application";
		};
		588AAF70292662C200A335E1 /* iOS手势测试Tests */ = {
			isa = PBXNativeTarget;
			buildConfigurationList = 588AAF88292662C200A335E1 /* Build configuration list for PBXNativeTarget "iOS手势测试Tests" */;
			buildPhases = (
				588AAF6D292662C200A335E1 /* Sources */,
				588AAF6E292662C200A335E1 /* Frameworks */,
				588AAF6F292662C200A335E1 /* Resources */,
			);
			buildRules = (
			);
			dependencies = (
				588AAF73292662C200A335E1 /* PBXTargetDependency */,
			);
			name = "iOS手势测试Tests";
			productName = "iOS手势测试Tests";
			productReference = 588AAF71292662C200A335E1 /* iOS手势测试Tests.xctest */;
			productType = "com.apple.product-type.bundle.unit-test";
		};
		588AAF7A292662C200A335E1 /* iOS手势测试UITests */ = {
			isa = PBXNativeTarget;
			buildConfigurationList = 588AAF8B292662C200A335E1 /* Build configuration list for PBXNativeTarget "iOS手势测试UITests" */;
			buildPhases = (
				588AAF77292662C200A335E1 /* Sources */,
				588AAF78292662C200A335E1 /* Frameworks */,
				588AAF79292662C200A335E1 /* Resources */,
			);
			buildRules = (
			);
			dependencies = (
				588AAF7D292662C200A335E1 /* PBXTargetDependency */,
			);
			name = "iOS手势测试UITests";
			productName = "iOS手势测试UITests";
			productReference = 588AAF7B292662C200A335E1 /* iOS手势测试UITests.xctest */;
			productType = "com.apple.product-type.bundle.ui-testing";
		};
/* End PBXNativeTarget section */

/* Begin PBXProject section */
		588AAF4E292662C000A335E1 /* Project object */ = {
			isa = PBXProject;
			attributes = {
				BuildIndependentTargetsInParallel = 1;
				LastUpgradeCheck = 1340;
				TargetAttributes = {
					588AAF55292662C000A335E1 = {
						CreatedOnToolsVersion = 13.4;
					};
					588AAF70292662C200A335E1 = {
						CreatedOnToolsVersion = 13.4;
						TestTargetID = 588AAF55292662C000A335E1;
					};
					588AAF7A292662C200A335E1 = {
						CreatedOnToolsVersion = 13.4;
						TestTargetID = 588AAF55292662C000A335E1;
					};
				};
			};
			buildConfigurationList = 588AAF51292662C000A335E1 /* Build configuration list for PBXProject "iOS手势测试" */;
			compatibilityVersion = "Xcode 13.0";
			developmentRegion = en;
			hasScannedForEncodings = 0;
			knownRegions = (
				en,
				Base,
			);
			mainGroup = 588AAF4D292662C000A335E1;
			productRefGroup = 588AAF57292662C000A335E1 /* Products */;
			projectDirPath = "";
			projectRoot = "";
			targets = (
				588AAF55292662C000A335E1 /* iOS手势测试 */,
				588AAF70292662C200A335E1 /* iOS手势测试Tests */,
				588AAF7A292662C200A335E1 /* iOS手势测试UITests */,
			);
		};
/* End PBXProject section */

/* Begin PBXResourcesBuildPhase section */
		588AAF54292662C000A335E1 /* Resources */ = {
			isa = PBXResourcesBuildPhase;
			buildActionMask = 2147483647;
			files = (
				588AAF69292662C200A335E1 /* LaunchScreen.storyboard in Resources */,
				588AAF66292662C200A335E1 /* Assets.xcassets in Resources */,
				588AAF64292662C000A335E1 /* Main.storyboard in Resources */,
			);
			runOnlyForDeploymentPostprocessing = 0;
		};
		588AAF6F292662C200A335E1 /* Resources */ = {
			isa = PBXResourcesBuildPhase;
			buildActionMask = 2147483647;
			files = (
			);
			runOnlyForDeploymentPostprocessing = 0;
		};
		588AAF79292662C200A335E1 /* Resources */ = {
			isa = PBXResourcesBuildPhase;
			buildActionMask = 2147483647;
			files = (
			);
			runOnlyForDeploymentPostprocessing = 0;
		};
/* End PBXResourcesBuildPhase section */

/* Begin PBXSourcesBuildPhase section */
		588AAF52292662C000A335E1 /* Sources */ = {
			isa = PBXSourcesBuildPhase;
			buildActionMask = 2147483647;
			files = (
				588AAF61292662C000A335E1 /* ViewController.m in Sources */,
				588AAF5B292662C000A335E1 /* AppDelegate.m in Sources */,
				588AAF6C292662C200A335E1 /* main.m in Sources */,
				588AAF5E292662C000A335E1 /* SceneDelegate.m in Sources */,
			);
			runOnlyForDeploymentPostprocessing = 0;
		};
		588AAF6D292662C200A335E1 /* Sources */ = {
			isa = PBXSourcesBuildPhase;
			buildActionMask = 2147483647;
			files = (
				588AAF76292662C200A335E1 /* iOS____Tests.m in Sources */,
			);
			runOnlyForDeploymentPostprocessing = 0;
		};
		588AAF77292662C200A335E1 /* Sources */ = {
			isa = PBXSourcesBuildPhase;
			buildActionMask = 2147483647;
			files = (
				588AAF82292662C200A335E1 /* iOS____UITestsLaunchTests.m in Sources */,
				588AAF80292662C200A335E1 /* iOS____UITests.m in Sources */,
			);
			runOnlyForDeploymentPostprocessing = 0;
		};
/* End PBXSourcesBuildPhase section */

/* Begin PBXTargetDependency section */
		588AAF73292662C200A335E1 /* PBXTargetDependency */ = {
			isa = PBXTargetDependency;
			target = 588AAF55292662C000A335E1 /* iOS手势测试 */;
			targetProxy = 588AAF72292662C200A335E1 /* PBXContainerItemProxy */;
		};
		588AAF7D292662C200A335E1 /* PBXTargetDependency */ = {
			isa = PBXTargetDependency;
			target = 588AAF55292662C000A335E1 /* iOS手势测试 */;
			targetProxy = 588AAF7C292662C200A335E1 /* PBXContainerItemProxy */;
		};
/* End PBXTargetDependency section */

/* Begin PBXVariantGroup section */
		588AAF62292662C000A335E1 /* Main.storyboard */ = {
			isa = PBXVariantGroup;
			children = (
				588AAF63292662C000A335E1 /* Base */,
			);
			name = Main.storyboard;
			sourceTree = "<group>";
		};
		588AAF67292662C200A335E1 /* LaunchScreen.storyboard */ = {
			isa = PBXVariantGroup;
			children = (
				588AAF68292662C200A335E1 /* Base */,
			);
			name = LaunchScreen.storyboard;
			sourceTree = "<group>";
		};
/* End PBXVariantGroup section */

/* Begin XCBuildConfiguration section */
		588AAF83292662C200A335E1 /* Debug */ = {
			isa = XCBuildConfiguration;
			buildSettings = {
				ALWAYS_SEARCH_USER_PATHS = NO;
				CLANG_ANALYZER_NONNULL = YES;
				CLANG_ANALYZER_NUMBER_OBJECT_CONVERSION = YES_AGGRESSIVE;
				CLANG_CXX_LANGUAGE_STANDARD = "gnu++17";
				CLANG_ENABLE_MODULES = YES;
				CLANG_ENABLE_OBJC_ARC = YES;
				CLANG_ENABLE_OBJC_WEAK = YES;
				CLANG_WARN_BLOCK_CAPTURE_AUTORELEASING = YES;
				CLANG_WARN_BOOL_CONVERSION = YES;
				CLANG_WARN_COMMA = YES;
				CLANG_WARN_CONSTANT_CONVERSION = YES;
				CLANG_WARN_DEPRECATED_OBJC_IMPLEMENTATIONS = YES;
				CLANG_WARN_DIRECT_OBJC_ISA_USAGE = YES_ERROR;
				CLANG_WARN_DOCUMENTATION_COMMENTS = YES;
				CLANG_WARN_EMPTY_BODY = YES;
				CLANG_WARN_ENUM_CONVERSION = YES;
				CLANG_WARN_INFINITE_RECURSION = YES;
				CLANG_WARN_INT_CONVERSION = YES;
				CLANG_WARN_NON_LITERAL_NULL_CONVERSION = YES;
				CLANG_WARN_OBJC_IMPLICIT_RETAIN_SELF = YES;
				CLANG_WARN_OBJC_LITERAL_CONVERSION = YES;
				CLANG_WARN_OBJC_ROOT_CLASS = YES_ERROR;
				CLANG_WARN_QUOTED_INCLUDE_IN_FRAMEWORK_HEADER = YES;
				CLANG_WARN_RANGE_LOOP_ANALYSIS = YES;
				CLANG_WARN_STRICT_PROTOTYPES = YES;
				CLANG_WARN_SUSPICIOUS_MOVE = YES;
				CLANG_WARN_UNGUARDED_AVAILABILITY = YES_AGGRESSIVE;
				CLANG_WARN_UNREACHABLE_CODE = YES;
				CLANG_WARN__DUPLICATE_METHOD_MATCH = YES;
				COPY_PHASE_STRIP = NO;
				DEBUG_INFORMATION_FORMAT = dwarf;
				ENABLE_STRICT_OBJC_MSGSEND = YES;
				ENABLE_TESTABILITY = YES;
				GCC_C_LANGUAGE_STANDARD = gnu11;
				GCC_DYNAMIC_NO_PIC = NO;
				GCC_NO_COMMON_BLOCKS = YES;
				GCC_OPTIMIZATION_LEVEL = 0;
				GCC_PREPROCESSOR_DEFINITIONS = (
					"DEBUG=1",
					"$(inherited)",
				);
				GCC_WARN_64_TO_32_BIT_CONVERSION = YES;
				GCC_WARN_ABOUT_RETURN_TYPE = YES_ERROR;
				GCC_WARN_UNDECLARED_SELECTOR = YES;
				GCC_WARN_UNINITIALIZED_AUTOS = YES_AGGRESSIVE;
				GCC_WARN_UNUSED_FUNCTION = YES;
				GCC_WARN_UNUSED_VARIABLE = YES;
				IPHONEOS_DEPLOYMENT_TARGET = 15.5;
				MTL_ENABLE_DEBUG_INFO = INCLUDE_SOURCE;
				MTL_FAST_MATH = YES;
				ONLY_ACTIVE_ARCH = YES;
				SDKROOT = iphoneos;
			};
			name = Debug;
		};
		588AAF84292662C200A335E1 /* Release */ = {
			isa = XCBuildConfiguration;
			buildSettings = {
				ALWAYS_SEARCH_USER_PATHS = NO;
				CLANG_ANALYZER_NONNULL = YES;
				CLANG_ANALYZER_NUMBER_OBJECT_CONVERSION = YES_AGGRESSIVE;
				CLANG_CXX_LANGUAGE_STANDARD = "gnu++17";
				CLANG_ENABLE_MODULES = YES;
				CLANG_ENABLE_OBJC_ARC = YES;
				CLANG_ENABLE_OBJC_WEAK = YES;
				CLANG_WARN_BLOCK_CAPTURE_AUTORELEASING = YES;
				CLANG_WARN_BOOL_CONVERSION = YES;
				CLANG_WARN_COMMA = YES;
				CLANG_WARN_CONSTANT_CONVERSION = YES;
				CLANG_WARN_DEPRECATED_OBJC_IMPLEMENTATIONS = YES;
				CLANG_WARN_DIRECT_OBJC_ISA_USAGE = YES_ERROR;
				CLANG_WARN_DOCUMENTATION_COMMENTS = YES;
				CLANG_WARN_EMPTY_BODY = YES;
				CLANG_WARN_ENUM_CONVERSION = YES;
				CLANG_WARN_INFINITE_RECURSION = YES;
				CLANG_WARN_INT_CONVERSION = YES;
				CLANG_WARN_NON_LITERAL_NULL_CONVERSION = YES;
				CLANG_WARN_OBJC_IMPLICIT_RETAIN_SELF = YES;
				CLANG_WARN_OBJC_LITERAL_CONVERSION = YES;
				CLANG_WARN_OBJC_ROOT_CLASS = YES_ERROR;
				CLANG_WARN_QUOTED_INCLUDE_IN_FRAMEWORK_HEADER = YES;
				CLANG_WARN_RANGE_LOOP_ANALYSIS = YES;
				CLANG_WARN_STRICT_PROTOTYPES = YES;
				CLANG_WARN_SUSPICIOUS_MOVE = YES;
				CLANG_WARN_UNGUARDED_AVAILABILITY = YES_AGGRESSIVE;
				CLANG_WARN_UNREACHABLE_CODE = YES;
				CLANG_WARN__DUPLICATE_METHOD_MATCH = YES;
				COPY_PHASE_STRIP = NO;
				DEBUG_INFORMATION_FORMAT = "dwarf-with-dsym";
				ENABLE_NS_ASSERTIONS = NO;
				ENABLE_STRICT_OBJC_MSGSEND = YES;
				GCC_C_LANGUAGE_STANDARD = gnu11;
				GCC_NO_COMMON_BLOCKS = YES;
				GCC_WARN_64_TO_32_BIT_CONVERSION = YES;
				GCC_WARN_ABOUT_RETURN_TYPE = YES_ERROR;
				GCC_WARN_UNDECLARED_SELECTOR = YES;
				GCC_WARN_UNINITIALIZED_AUTOS = YES_AGGRESSIVE;
				GCC_WARN_UNUSED_FUNCTION = YES;
				GCC_WARN_UNUSED_VARIABLE = YES;
				IPHONEOS_DEPLOYMENT_TARGET = 15.5;
				MTL_ENABLE_DEBUG_INFO = NO;
				MTL_FAST_MATH = YES;
				SDKROOT = iphoneos;
				VALIDATE_PRODUCT = YES;
			};
			name = Release;
		};
		588AAF86292662C200A335E1 /* Debug */ = {
			isa = XCBuildConfiguration;
			buildSettings = {
				ASSETCATALOG_COMPILER_APPICON_NAME = AppIcon;
				ASSETCATALOG_COMPILER_GLOBAL_ACCENT_COLOR_NAME = AccentColor;
				CODE_SIGN_STYLE = Automatic;
				CURRENT_PROJECT_VERSION = 1;
				DEVELOPMENT_TEAM = 2K97J7XJC7;
				GENERATE_INFOPLIST_FILE = YES;
				INFOPLIST_FILE = "iOS手势测试/Info.plist";
				INFOPLIST_KEY_UIApplicationSupportsIndirectInputEvents = YES;
				INFOPLIST_KEY_UILaunchStoryboardName = LaunchScreen;
				INFOPLIST_KEY_UIMainStoryboardFile = Main;
				INFOPLIST_KEY_UISupportedInterfaceOrientations_iPad = "UIInterfaceOrientationPortrait UIInterfaceOrientationPortraitUpsideDown UIInterfaceOrientationLandscapeLeft UIInterfaceOrientationLandscapeRight";
				INFOPLIST_KEY_UISupportedInterfaceOrientations_iPhone = "UIInterfaceOrientationPortrait UIInterfaceOrientationLandscapeLeft UIInterfaceOrientationLandscapeRight";
				LD_RUNPATH_SEARCH_PATHS = (
					"$(inherited)",
					"@executable_path/Frameworks",
				);
				MARKETING_VERSION = 1.0;
				PRODUCT_BUNDLE_IDENTIFIER = "-.iOS----";
				PRODUCT_NAME = "$(TARGET_NAME)";
				SWIFT_EMIT_LOC_STRINGS = YES;
				TARGETED_DEVICE_FAMILY = "1,2";
			};
			name = Debug;
		};
		588AAF87292662C200A335E1 /* Release */ = {
			isa = XCBuildConfiguration;
			buildSettings = {
				ASSETCATALOG_COMPILER_APPICON_NAME = AppIcon;
				ASSETCATALOG_COMPILER_GLOBAL_ACCENT_COLOR_NAME = AccentColor;
				CODE_SIGN_STYLE = Automatic;
				CURRENT_PROJECT_VERSION = 1;
				DEVELOPMENT_TEAM = 2K97J7XJC7;
				GENERATE_INFOPLIST_FILE = YES;
				INFOPLIST_FILE = "iOS手势测试/Info.plist";
				INFOPLIST_KEY_UIApplicationSupportsIndirectInputEvents = YES;
				INFOPLIST_KEY_UILaunchStoryboardName = LaunchScreen;
				INFOPLIST_KEY_UIMainStoryboardFile = Main;
				INFOPLIST_KEY_UISupportedInterfaceOrientations_iPad = "UIInterfaceOrientationPortrait UIInterfaceOrientationPortraitUpsideDown UIInterfaceOrientationLandscapeLeft UIInterfaceOrientationLandscapeRight";
				INFOPLIST_KEY_UISupportedInterfaceOrientations_iPhone = "UIInterfaceOrientationPortrait UIInterfaceOrientationLandscapeLeft UIInterfaceOrientationLandscapeRight";
				LD_RUNPATH_SEARCH_PATHS = (
					"$(inherited)",
					"@executable_path/Frameworks",
				);
				MARKETING_VERSION = 1.0;
				PRODUCT_BUNDLE_IDENTIFIER = "-.iOS----";
				PRODUCT_NAME = "$(TARGET_NAME)";
				SWIFT_EMIT_LOC_STRINGS = YES;
				TARGETED_DEVICE_FAMILY = "1,2";
			};
			name = Release;
		};
		588AAF89292662C200A335E1 /* Debug */ = {
			isa = XCBuildConfiguration;
			buildSettings = {
				BUNDLE_LOADER = "$(TEST_HOST)";
				CODE_SIGN_STYLE = Automatic;
				CURRENT_PROJECT_VERSION = 1;
				DEVELOPMENT_TEAM = 2K97J7XJC7;
				GENERATE_INFOPLIST_FILE = YES;
				IPHONEOS_DEPLOYMENT_TARGET = 15.5;
				MARKETING_VERSION = 1.0;
				PRODUCT_BUNDLE_IDENTIFIER = "-.iOS----Tests";
				PRODUCT_NAME = "$(TARGET_NAME)";
				SWIFT_EMIT_LOC_STRINGS = NO;
				TARGETED_DEVICE_FAMILY = "1,2";
				TEST_HOST = "$(BUILT_PRODUCTS_DIR)/iOS手势测试.app/iOS手势测试";
			};
			name = Debug;
		};
		588AAF8A292662C200A335E1 /* Release */ = {
			isa = XCBuildConfiguration;
			buildSettings = {
				BUNDLE_LOADER = "$(TEST_HOST)";
				CODE_SIGN_STYLE = Automatic;
				CURRENT_PROJECT_VERSION = 1;
				DEVELOPMENT_TEAM = 2K97J7XJC7;
				GENERATE_INFOPLIST_FILE = YES;
				IPHONEOS_DEPLOYMENT_TARGET = 15.5;
				MARKETING_VERSION = 1.0;
				PRODUCT_BUNDLE_IDENTIFIER = "-.iOS----Tests";
				PRODUCT_NAME = "$(TARGET_NAME)";
				SWIFT_EMIT_LOC_STRINGS = NO;
				TARGETED_DEVICE_FAMILY = "1,2";
				TEST_HOST = "$(BUILT_PRODUCTS_DIR)/iOS手势测试.app/iOS手势测试";
			};
			name = Release;
		};
		588AAF8C292662C200A335E1 /* Debug */ = {
			isa = XCBuildConfiguration;
			buildSettings = {
				CODE_SIGN_STYLE = Automatic;
				CURRENT_PROJECT_VERSION = 1;
				DEVELOPMENT_TEAM = 2K97J7XJC7;
				GENERATE_INFOPLIST_FILE = YES;
				MARKETING_VERSION = 1.0;
				PRODUCT_BUNDLE_IDENTIFIER = "-.iOS----UITests";
				PRODUCT_NAME = "$(TARGET_NAME)";
				SWIFT_EMIT_LOC_STRINGS = NO;
				TARGETED_DEVICE_FAMILY = "1,2";
				TEST_TARGET_NAME = "iOS手势测试";
			};
			name = Debug;
		};
		588AAF8D292662C200A335E1 /* Release */ = {
			isa = XCBuildConfiguration;
			buildSettings = {
				CODE_SIGN_STYLE = Automatic;
				CURRENT_PROJECT_VERSION = 1;
				DEVELOPMENT_TEAM = 2K97J7XJC7;
				GENERATE_INFOPLIST_FILE = YES;
				MARKETING_VERSION = 1.0;
				PRODUCT_BUNDLE_IDENTIFIER = "-.iOS----UITests";
				PRODUCT_NAME = "$(TARGET_NAME)";
				SWIFT_EMIT_LOC_STRINGS = NO;
				TARGETED_DEVICE_FAMILY = "1,2";
				TEST_TARGET_NAME = "iOS手势测试";
			};
			name = Release;
		};
/* End XCBuildConfiguration section */

/* Begin XCConfigurationList section */
		588AAF51292662C000A335E1 /* Build configuration list for PBXProject "iOS手势测试" */ = {
			isa = XCConfigurationList;
			buildConfigurations = (
				588AAF83292662C200A335E1 /* Debug */,
				588AAF84292662C200A335E1 /* Release */,
			);
			defaultConfigurationIsVisible = 0;
			defaultConfigurationName = Release;
		};
		588AAF85292662C200A335E1 /* Build configuration list for PBXNativeTarget "iOS手势测试" */ = {
			isa = XCConfigurationList;
			buildConfigurations = (
				588AAF86292662C200A335E1 /* Debug */,
				588AAF87292662C200A335E1 /* Release */,
			);
			defaultConfigurationIsVisible = 0;
			defaultConfigurationName = Release;
		};
		588AAF88292662C200A335E1 /* Build configuration list for PBXNativeTarget "iOS手势测试Tests" */ = {
			isa = XCConfigurationList;
			buildConfigurations = (
				588AAF89292662C200A335E1 /* Debug */,
				588AAF8A292662C200A335E1 /* Release */,
			);
			defaultConfigurationIsVisible = 0;
			defaultConfigurationName = Release;
		};
		588AAF8B292662C200A335E1 /* Build configuration list for PBXNativeTarget "iOS手势测试UITests" */ = {
			isa = XCConfigurationList;
			buildConfigurations = (
				588AAF8C292662C200A335E1 /* Debug */,
				588AAF8D292662C200A335E1 /* Release */,
			);
			defaultConfigurationIsVisible = 0;
			defaultConfigurationName = Release;
		};
/* End XCConfigurationList section */
	};
	rootObject = 588AAF4E292662C000A335E1 /* Project object */;
}
